
Microsoft Visual Studio Solution File, Format Version 12.00
# Visual Studio Version 16
VisualStudioVersion = 16.0.30804.86
MinimumVisualStudioVersion = 15.0.26124.0
Project("{2150E333-8FDC-42A3-9474-1A3956D46DE8}") = "projects", "projects", "{1425622D-B6D5-492A-9ACB-14A1E9712740}"
EndProject
Project("{9A19103F-16F7-4668-BE54-9A1E7A4F7556}") = "Domain", "projects\Domain\Domain.csproj", "{F5A1C311-6531-4866-B6E0-0603101857CC}"
EndProject
Project("{9A19103F-16F7-4668-BE54-9A1E7A4F7556}") = "Infrastructure", "projects\Infrastructure\Infrastructure.csproj", "{376E35AA-3804-4959-9C5D-BCD4013B1E4E}"
EndProject
Project("{9A19103F-16F7-4668-BE54-9A1E7A4F7556}") = "Api", "projects\Api\Api.csproj", "{5B998C10-9E6E-4E2C-A2E2-BBE47CE28A09}"
EndProject
Global
	GlobalSection(SolutionConfigurationPlatforms) = preSolution
		Debug|Any CPU = Debug|Any CPU
		Debug|x64 = Debug|x64
		Debug|x86 = Debug|x86
		Release|Any CPU = Release|Any CPU
		Release|x64 = Release|x64
		Release|x86 = Release|x86
	EndGlobalSection
	GlobalSection(ProjectConfigurationPlatforms) = postSolution
		{F5A1C311-6531-4866-B6E0-0603101857CC}.Debug|Any CPU.ActiveCfg = Debug|Any CPU
		{F5A1C311-6531-4866-B6E0-0603101857CC}.Debug|Any CPU.Build.0 = Debug|Any CPU
		{F5A1C311-6531-4866-B6E0-0603101857CC}.Debug|x64.ActiveCfg = Debug|Any CPU
		{F5A1C311-6531-4866-B6E0-0603101857CC}.Debug|x64.Build.0 = Debug|Any CPU
		{F5A1C311-6531-4866-B6E0-0603101857CC}.Debug|x86.ActiveCfg = Debug|Any CPU
		{F5A1C311-6531-4866-B6E0-0603101857CC}.Debug|x86.Build.0 = Debug|Any CPU
		{F5A1C311-6531-4866-B6E0-0603101857CC}.Release|Any CPU.ActiveCfg = Release|Any CPU
		{F5A1C311-6531-4866-B6E0-0603101857CC}.Release|Any CPU.Build.0 = Release|Any CPU
		{F5A1C311-6531-4866-B6E0-0603101857CC}.Release|x64.ActiveCfg = Release|Any CPU
		{F5A1C311-6531-4866-B6E0-0603101857CC}.Release|x64.Build.0 = Release|Any CPU
		{F5A1C311-6531-4866-B6E0-0603101857CC}.Release|x86.ActiveCfg = Release|Any CPU
		{F5A1C311-6531-4866-B6E0-0603101857CC}.Release|x86.Build.0 = Release|Any CPU
		{376E35AA-3804-4959-9C5D-BCD4013B1E4E}.Debug|Any CPU.ActiveCfg = Debug|Any CPU
		{376E35AA-3804-4959-9C5D-BCD4013B1E4E}.Debug|Any CPU.Build.0 = Debug|Any CPU
		{376E35AA-3804-4959-9C5D-BCD4013B1E4E}.Debug|x64.ActiveCfg = Debug|Any CPU
		{376E35AA-3804-4959-9C5D-BCD4013B1E4E}.Debug|x64.Build.0 = Debug|Any CPU
		{376E35AA-3804-4959-9C5D-BCD4013B1E4E}.Debug|x86.ActiveCfg = Debug|Any CPU
		{376E35AA-3804-4959-9C5D-BCD4013B1E4E}.Debug|x86.Build.0 = Debug|Any CPU
		{376E35AA-3804-4959-9C5D-BCD4013B1E4E}.Release|Any CPU.ActiveCfg = Release|Any CPU
		{376E35AA-3804-4959-9C5D-BCD4013B1E4E}.Release|Any CPU.Build.0 = Release|Any CPU
		{376E35AA-3804-4959-9C5D-BCD4013B1E4E}.Release|x64.ActiveCfg = Release|Any CPU
		{376E35AA-3804-4959-9C5D-BCD4013B1E4E}.Release|x64.Build.0 = Release|Any CPU
		{376E35AA-3804-4959-9C5D-BCD4013B1E4E}.Release|x86.ActiveCfg = Release|Any CPU
		{376E35AA-3804-4959-9C5D-BCD4013B1E4E}.Release|x86.Build.0 = Release|Any CPU
		{5B998C10-9E6E-4E2C-A2E2-BBE47CE28A09}.Debug|Any CPU.ActiveCfg = Debug|Any CPU
		{5B998C10-9E6E-4E2C-A2E2-BBE47CE28A09}.Debug|Any CPU.Build.0 = Debug|Any CPU
		{5B998C10-9E6E-4E2C-A2E2-BBE47CE28A09}.Debug|x64.ActiveCfg = Debug|Any CPU
		{5B998C10-9E6E-4E2C-A2E2-BBE47CE28A09}.Debug|x64.Build.0 = Debug|Any CPU
		{5B998C10-9E6E-4E2C-A2E2-BBE47CE28A09}.Debug|x86.ActiveCfg = Debug|Any CPU
		{5B998C10-9E6E-4E2C-A2E2-BBE47CE28A09}.Debug|x86.Build.0 = Debug|Any CPU
		{5B998C10-9E6E-4E2C-A2E2-BBE47CE28A09}.Release|Any CPU.ActiveCfg = Release|Any CPU
		{5B998C10-9E6E-4E2C-A2E2-BBE47CE28A09}.Release|Any CPU.Build.0 = Release|Any CPU
		{5B998C10-9E6E-4E2C-A2E2-BBE47CE28A09}.Release|x64.ActiveCfg = Release|Any CPU
		{5B998C10-9E6E-4E2C-A2E2-BBE47CE28A09}.Release|x64.Build.0 = Release|Any CPU
		{5B998C10-9E6E-4E2C-A2E2-BBE47CE28A09}.Release|x86.ActiveCfg = Release|Any CPU
		{5B998C10-9E6E-4E2C-A2E2-BBE47CE28A09}.Release|x86.Build.0 = Release|Any CPU
	EndGlobalSection
	GlobalSection(SolutionProperties) = preSolution
		HideSolutionNode = FALSE
	EndGlobalSection
	GlobalSection(NestedProjects) = preSolution
		{F5A1C311-6531-4866-B6E0-0603101857CC} = {1425622D-B6D5-492A-9ACB-14A1E9712740}
		{376E35AA-3804-4959-9C5D-BCD4013B1E4E} = {1425622D-B6D5-492A-9ACB-14A1E9712740}
		{5B998C10-9E6E-4E2C-A2E2-BBE47CE28A09} = {1425622D-B6D5-492A-9ACB-14A1E9712740}
	EndGlobalSection
	GlobalSection(ExtensibilityGlobals) = postSolution
		SolutionGuid = {4C259F2E-C004-495E-8A97-F2416BEFF7DE}
	EndGlobalSection
EndGlobal
